
Microsoft Visual Studio Solution File, Format Version 12.00
# Visual Studio Version 17
VisualStudioVersion = 17.5.002.0
MinimumVisualStudioVersion = 10.0.40219.1
Project("{9A19103F-16F7-4668-BE54-9A1E7A4F7556}") = "MathGame", "MathGame\MathGame.csproj", "{0DA174C5-5F40-45AF-87D7-9CACF8F93705}"
EndProject
Global
	GlobalSection(SolutionConfigurationPlatforms) = preSolution
		Debug|Any CPU = Debug|Any CPU
		Release|Any CPU = Release|Any CPU
	EndGlobalSection
	GlobalSection(ProjectConfigurationPlatforms) = postSolution
		{0DA174C5-5F40-45AF-87D7-9CACF8F93705}.Debug|Any CPU.ActiveCfg = Debug|Any CPU
		{0DA174C5-5F40-45AF-87D7-9CACF8F93705}.Debug|Any CPU.Build.0 = Debug|Any CPU
		{0DA174C5-5F40-45AF-87D7-9CACF8F93705}.Release|Any CPU.ActiveCfg = Release|Any CPU
		{0DA174C5-5F40-45AF-87D7-9CACF8F93705}.Release|Any CPU.Build.0 = Release|Any CPU
	EndGlobalSection
	GlobalSection(SolutionProperties) = preSolution
		HideSolutionNode = FALSE
	EndGlobalSection
	GlobalSection(ExtensibilityGlobals) = postSolution
		SolutionGuid = {4C6E345B-2344-440C-AEFC-0BD5BF88D05D}
	EndGlobalSection
EndGlobal
